
Microsoft Visual Studio Solution File, Format Version 12.00
# Visual Studio Version 16
VisualStudioVersion = 16.0.32510.428
MinimumVisualStudioVersion = 10.0.40219.1
Project("{9A19103F-16F7-4668-BE54-9A1E7A4F7556}") = "WebAPIMatricula_2C2022", "WebAPIMatricula_2C2022\WebAPIMatricula_2C2022.csproj", "{DBB4A8A5-9258-4247-B39A-C5AE3AE930F1}"
EndProject
Project("{2150E333-8FDC-42A3-9474-1A3956D46DE8}") = "Auth", "Auth", "{D2AC129C-993A-4DDD-B9E2-E167FFD2E39A}"
EndProject
Project("{2150E333-8FDC-42A3-9474-1A3956D46DE8}") = "Bll", "Bll", "{8A0C09BC-F7B1-45E4-B007-8C29FC2E0E6E}"
EndProject
Project("{2150E333-8FDC-42A3-9474-1A3956D46DE8}") = "Dto", "Dto", "{7E8DBED2-7CBC-4D7A-A85D-896CBB8DCD7D}"
EndProject
Project("{2150E333-8FDC-42A3-9474-1A3956D46DE8}") = "Rest", "Rest", "{1D9FA53B-6745-4422-B059-E5B4E1BDA6A8}"
EndProject
Project("{9A19103F-16F7-4668-BE54-9A1E7A4F7556}") = "WebAPI", "WebAPI\WebAPI.csproj", "{EC66B985-4DCB-4DCD-AD0F-02267BE18AB7}"
EndProject
Project("{2150E333-8FDC-42A3-9474-1A3956D46DE8}") = "Entities", "Entities", "{1F8342AE-26DE-4406-8EDE-8FB900627DE3}"
EndProject
Project("{9A19103F-16F7-4668-BE54-9A1E7A4F7556}") = "API.Dto.Error", "API.Dto.Error\API.Dto.Error.csproj", "{7BBCA770-0102-414B-B879-B7947757AF72}"
EndProject
Project("{9A19103F-16F7-4668-BE54-9A1E7A4F7556}") = "API.Bll.Estudiante", "API.Bll.Estudiante\API.Bll.Estudiante.csproj", "{CE188C17-E985-40EE-89FD-876557AA4A30}"
EndProject
Project("{9A19103F-16F7-4668-BE54-9A1E7A4F7556}") = "API.Dto.General", "API.Dto.General\API.Dto.General.csproj", "{8684F420-339F-4EBA-A88D-AAB513C99340}"
EndProject
Project("{9A19103F-16F7-4668-BE54-9A1E7A4F7556}") = "API.Dto.Estudiante", "API.Dto.Estudiante\API.Dto.Estudiante.csproj", "{B02E87B0-297B-40D5-A7A1-99B4C196B0B1}"
EndProject
Project("{9A19103F-16F7-4668-BE54-9A1E7A4F7556}") = "API.Bll.Error", "API.Bll.Error\API.Bll.Error.csproj", "{03F1697A-959E-49B5-B0BB-6AA247408135}"
EndProject
Project("{2150E333-8FDC-42A3-9474-1A3956D46DE8}") = "Dal", "Dal", "{FEC06853-3B8E-42EF-8F7B-E0DDD4EA6CF7}"
EndProject
Project("{9A19103F-16F7-4668-BE54-9A1E7A4F7556}") = "API.Dal.General", "API.Dal.General\API.Dal.General.csproj", "{44989BA1-6072-4A33-A47A-EA426717212C}"
EndProject
Project("{9A19103F-16F7-4668-BE54-9A1E7A4F7556}") = "API.Dal.Estudiante", "API.Dal.Estudiante\API.Dal.Estudiante.csproj", "{1BD191AB-94B9-4EF0-9410-75B13F15AA3F}"
EndProject
Project("{9A19103F-16F7-4668-BE54-9A1E7A4F7556}") = "API.Dal.Error", "API.Dal.Error\API.Dal.Error.csproj", "{4BF80DBF-3931-499D-B88B-54EBE12BBAFC}"
EndProject
Project("{9A19103F-16F7-4668-BE54-9A1E7A4F7556}") = "API.Dto.Curso", "API.Dto.Curso\API.Dto.Curso.csproj", "{D33844FD-D2E9-475A-971A-B0D6C3F7FECC}"
EndProject
Project("{9A19103F-16F7-4668-BE54-9A1E7A4F7556}") = "API.Dto.Profesor", "API.Dto.Profesor\API.Dto.Profesor.csproj", "{7F5EF8C4-377B-45BE-B48A-07C38980739C}"
EndProject
Project("{9A19103F-16F7-4668-BE54-9A1E7A4F7556}") = "API.Dal.Curso", "AdCurso\API.Dal.Curso.csproj", "{B99A6421-6685-49B9-BB72-D40F894395AF}"
EndProject
Project("{9A19103F-16F7-4668-BE54-9A1E7A4F7556}") = "API.Bll.Curso", "API.Bll.Curso\API.Bll.Curso.csproj", "{A8A79796-AC1D-471C-846B-0C61BB27ACA8}"
EndProject
Project("{9A19103F-16F7-4668-BE54-9A1E7A4F7556}") = "API.Dal.Profesor", "API.Dal.Profesor\API.Dal.Profesor.csproj", "{B1C97261-B98F-41D7-BDFB-34590F9EF0D4}"
EndProject
Project("{9A19103F-16F7-4668-BE54-9A1E7A4F7556}") = "API.Dto.Departamento", "API.Dto.Departamento\API.Dto.Departamento.csproj", "{07DEDAEC-659B-4835-8BE7-198104592F09}"
EndProject
Project("{9A19103F-16F7-4668-BE54-9A1E7A4F7556}") = "API.Dto.ModalidadCurso", "API.Dto.ModalidadCurso\API.Dto.ModalidadCurso.csproj", "{229C0ED6-14A7-4846-AF5E-176E7B5F097E}"
EndProject
Project("{9A19103F-16F7-4668-BE54-9A1E7A4F7556}") = "API.Dal.Departamento", "API.Dal.Departamento\API.Dal.Departamento.csproj", "{7324075D-A7A7-4DB8-A4B6-10A0D91D6DDA}"
EndProject
Project("{9A19103F-16F7-4668-BE54-9A1E7A4F7556}") = "API.Bll.Departamento", "API.Bll.Departamento\API.Bll.Departamento.csproj", "{30A5D124-9396-4BE6-AEBE-3154286D64F4}"
EndProject
Project("{9A19103F-16F7-4668-BE54-9A1E7A4F7556}") = "API.Bll.ModalidadCurso", "API.Bll.ModalidadCurso\API.Bll.ModalidadCurso.csproj", "{83450B38-DCBE-4F50-846B-C034271F5874}"
EndProject
Project("{9A19103F-16F7-4668-BE54-9A1E7A4F7556}") = "API.Dal.ModalidadCurso", "API.Dal.ModalidadCurso\API.Dal.ModalidadCurso.csproj", "{FC6A9379-EA83-43BD-A877-641798757739}"
EndProject
Project("{FAE04EC0-301F-11D3-BF4B-00C04F79EFBC}") = "API.Bll.Profesor", "API.Bll.Profesor\API.Bll.Profesor.csproj", "{EAF76010-AE93-4E94-B97A-8917FD97E12D}"
EndProject
Global
	GlobalSection(SolutionConfigurationPlatforms) = preSolution
		Debug|Any CPU = Debug|Any CPU
		Release|Any CPU = Release|Any CPU
	EndGlobalSection
	GlobalSection(ProjectConfigurationPlatforms) = postSolution
		{DBB4A8A5-9258-4247-B39A-C5AE3AE930F1}.Debug|Any CPU.ActiveCfg = Debug|Any CPU
		{DBB4A8A5-9258-4247-B39A-C5AE3AE930F1}.Debug|Any CPU.Build.0 = Debug|Any CPU
		{DBB4A8A5-9258-4247-B39A-C5AE3AE930F1}.Release|Any CPU.ActiveCfg = Release|Any CPU
		{DBB4A8A5-9258-4247-B39A-C5AE3AE930F1}.Release|Any CPU.Build.0 = Release|Any CPU
		{EC66B985-4DCB-4DCD-AD0F-02267BE18AB7}.Debug|Any CPU.ActiveCfg = Debug|Any CPU
		{EC66B985-4DCB-4DCD-AD0F-02267BE18AB7}.Debug|Any CPU.Build.0 = Debug|Any CPU
		{EC66B985-4DCB-4DCD-AD0F-02267BE18AB7}.Release|Any CPU.ActiveCfg = Release|Any CPU
		{EC66B985-4DCB-4DCD-AD0F-02267BE18AB7}.Release|Any CPU.Build.0 = Release|Any CPU
		{7BBCA770-0102-414B-B879-B7947757AF72}.Debug|Any CPU.ActiveCfg = Debug|Any CPU
		{7BBCA770-0102-414B-B879-B7947757AF72}.Debug|Any CPU.Build.0 = Debug|Any CPU
		{7BBCA770-0102-414B-B879-B7947757AF72}.Release|Any CPU.ActiveCfg = Release|Any CPU
		{7BBCA770-0102-414B-B879-B7947757AF72}.Release|Any CPU.Build.0 = Release|Any CPU
		{CE188C17-E985-40EE-89FD-876557AA4A30}.Debug|Any CPU.ActiveCfg = Debug|Any CPU
		{CE188C17-E985-40EE-89FD-876557AA4A30}.Debug|Any CPU.Build.0 = Debug|Any CPU
		{CE188C17-E985-40EE-89FD-876557AA4A30}.Release|Any CPU.ActiveCfg = Release|Any CPU
		{CE188C17-E985-40EE-89FD-876557AA4A30}.Release|Any CPU.Build.0 = Release|Any CPU
		{8684F420-339F-4EBA-A88D-AAB513C99340}.Debug|Any CPU.ActiveCfg = Debug|Any CPU
		{8684F420-339F-4EBA-A88D-AAB513C99340}.Debug|Any CPU.Build.0 = Debug|Any CPU
		{8684F420-339F-4EBA-A88D-AAB513C99340}.Release|Any CPU.ActiveCfg = Release|Any CPU
		{8684F420-339F-4EBA-A88D-AAB513C99340}.Release|Any CPU.Build.0 = Release|Any CPU
		{B02E87B0-297B-40D5-A7A1-99B4C196B0B1}.Debug|Any CPU.ActiveCfg = Debug|Any CPU
		{B02E87B0-297B-40D5-A7A1-99B4C196B0B1}.Debug|Any CPU.Build.0 = Debug|Any CPU
		{B02E87B0-297B-40D5-A7A1-99B4C196B0B1}.Release|Any CPU.ActiveCfg = Release|Any CPU
		{B02E87B0-297B-40D5-A7A1-99B4C196B0B1}.Release|Any CPU.Build.0 = Release|Any CPU
		{03F1697A-959E-49B5-B0BB-6AA247408135}.Debug|Any CPU.ActiveCfg = Debug|Any CPU
		{03F1697A-959E-49B5-B0BB-6AA247408135}.Debug|Any CPU.Build.0 = Debug|Any CPU
		{03F1697A-959E-49B5-B0BB-6AA247408135}.Release|Any CPU.ActiveCfg = Release|Any CPU
		{03F1697A-959E-49B5-B0BB-6AA247408135}.Release|Any CPU.Build.0 = Release|Any CPU
		{44989BA1-6072-4A33-A47A-EA426717212C}.Debug|Any CPU.ActiveCfg = Debug|Any CPU
		{44989BA1-6072-4A33-A47A-EA426717212C}.Debug|Any CPU.Build.0 = Debug|Any CPU
		{44989BA1-6072-4A33-A47A-EA426717212C}.Release|Any CPU.ActiveCfg = Release|Any CPU
		{44989BA1-6072-4A33-A47A-EA426717212C}.Release|Any CPU.Build.0 = Release|Any CPU
		{1BD191AB-94B9-4EF0-9410-75B13F15AA3F}.Debug|Any CPU.ActiveCfg = Debug|Any CPU
		{1BD191AB-94B9-4EF0-9410-75B13F15AA3F}.Debug|Any CPU.Build.0 = Debug|Any CPU
		{1BD191AB-94B9-4EF0-9410-75B13F15AA3F}.Release|Any CPU.ActiveCfg = Release|Any CPU
		{1BD191AB-94B9-4EF0-9410-75B13F15AA3F}.Release|Any CPU.Build.0 = Release|Any CPU
		{4BF80DBF-3931-499D-B88B-54EBE12BBAFC}.Debug|Any CPU.ActiveCfg = Debug|Any CPU
		{4BF80DBF-3931-499D-B88B-54EBE12BBAFC}.Debug|Any CPU.Build.0 = Debug|Any CPU
		{4BF80DBF-3931-499D-B88B-54EBE12BBAFC}.Release|Any CPU.ActiveCfg = Release|Any CPU
		{4BF80DBF-3931-499D-B88B-54EBE12BBAFC}.Release|Any CPU.Build.0 = Release|Any CPU
		{D33844FD-D2E9-475A-971A-B0D6C3F7FECC}.Debug|Any CPU.ActiveCfg = Debug|Any CPU
		{D33844FD-D2E9-475A-971A-B0D6C3F7FECC}.Debug|Any CPU.Build.0 = Debug|Any CPU
		{D33844FD-D2E9-475A-971A-B0D6C3F7FECC}.Release|Any CPU.ActiveCfg = Release|Any CPU
		{D33844FD-D2E9-475A-971A-B0D6C3F7FECC}.Release|Any CPU.Build.0 = Release|Any CPU
		{7F5EF8C4-377B-45BE-B48A-07C38980739C}.Debug|Any CPU.ActiveCfg = Debug|Any CPU
		{7F5EF8C4-377B-45BE-B48A-07C38980739C}.Debug|Any CPU.Build.0 = Debug|Any CPU
		{7F5EF8C4-377B-45BE-B48A-07C38980739C}.Release|Any CPU.ActiveCfg = Release|Any CPU
		{7F5EF8C4-377B-45BE-B48A-07C38980739C}.Release|Any CPU.Build.0 = Release|Any CPU
		{B99A6421-6685-49B9-BB72-D40F894395AF}.Debug|Any CPU.ActiveCfg = Debug|Any CPU
		{B99A6421-6685-49B9-BB72-D40F894395AF}.Debug|Any CPU.Build.0 = Debug|Any CPU
		{B99A6421-6685-49B9-BB72-D40F894395AF}.Release|Any CPU.ActiveCfg = Release|Any CPU
		{B99A6421-6685-49B9-BB72-D40F894395AF}.Release|Any CPU.Build.0 = Release|Any CPU
		{A8A79796-AC1D-471C-846B-0C61BB27ACA8}.Debug|Any CPU.ActiveCfg = Debug|Any CPU
		{A8A79796-AC1D-471C-846B-0C61BB27ACA8}.Debug|Any CPU.Build.0 = Debug|Any CPU
		{A8A79796-AC1D-471C-846B-0C61BB27ACA8}.Release|Any CPU.ActiveCfg = Release|Any CPU
		{A8A79796-AC1D-471C-846B-0C61BB27ACA8}.Release|Any CPU.Build.0 = Release|Any CPU
		{B1C97261-B98F-41D7-BDFB-34590F9EF0D4}.Debug|Any CPU.ActiveCfg = Debug|Any CPU
		{B1C97261-B98F-41D7-BDFB-34590F9EF0D4}.Debug|Any CPU.Build.0 = Debug|Any CPU
		{B1C97261-B98F-41D7-BDFB-34590F9EF0D4}.Release|Any CPU.ActiveCfg = Release|Any CPU
		{B1C97261-B98F-41D7-BDFB-34590F9EF0D4}.Release|Any CPU.Build.0 = Release|Any CPU
		{07DEDAEC-659B-4835-8BE7-198104592F09}.Debug|Any CPU.ActiveCfg = Debug|Any CPU
		{07DEDAEC-659B-4835-8BE7-198104592F09}.Debug|Any CPU.Build.0 = Debug|Any CPU
		{07DEDAEC-659B-4835-8BE7-198104592F09}.Release|Any CPU.ActiveCfg = Release|Any CPU
		{07DEDAEC-659B-4835-8BE7-198104592F09}.Release|Any CPU.Build.0 = Release|Any CPU
		{229C0ED6-14A7-4846-AF5E-176E7B5F097E}.Debug|Any CPU.ActiveCfg = Debug|Any CPU
		{229C0ED6-14A7-4846-AF5E-176E7B5F097E}.Debug|Any CPU.Build.0 = Debug|Any CPU
		{229C0ED6-14A7-4846-AF5E-176E7B5F097E}.Release|Any CPU.ActiveCfg = Release|Any CPU
		{229C0ED6-14A7-4846-AF5E-176E7B5F097E}.Release|Any CPU.Build.0 = Release|Any CPU
		{7324075D-A7A7-4DB8-A4B6-10A0D91D6DDA}.Debug|Any CPU.ActiveCfg = Debug|Any CPU
		{7324075D-A7A7-4DB8-A4B6-10A0D91D6DDA}.Debug|Any CPU.Build.0 = Debug|Any CPU
		{7324075D-A7A7-4DB8-A4B6-10A0D91D6DDA}.Release|Any CPU.ActiveCfg = Release|Any CPU
		{7324075D-A7A7-4DB8-A4B6-10A0D91D6DDA}.Release|Any CPU.Build.0 = Release|Any CPU
		{30A5D124-9396-4BE6-AEBE-3154286D64F4}.Debug|Any CPU.ActiveCfg = Debug|Any CPU
		{30A5D124-9396-4BE6-AEBE-3154286D64F4}.Debug|Any CPU.Build.0 = Debug|Any CPU
		{30A5D124-9396-4BE6-AEBE-3154286D64F4}.Release|Any CPU.ActiveCfg = Release|Any CPU
		{30A5D124-9396-4BE6-AEBE-3154286D64F4}.Release|Any CPU.Build.0 = Release|Any CPU
		{83450B38-DCBE-4F50-846B-C034271F5874}.Debug|Any CPU.ActiveCfg = Debug|Any CPU
		{83450B38-DCBE-4F50-846B-C034271F5874}.Debug|Any CPU.Build.0 = Debug|Any CPU
		{83450B38-DCBE-4F50-846B-C034271F5874}.Release|Any CPU.ActiveCfg = Release|Any CPU
		{83450B38-DCBE-4F50-846B-C034271F5874}.Release|Any CPU.Build.0 = Release|Any CPU
		{FC6A9379-EA83-43BD-A877-641798757739}.Debug|Any CPU.ActiveCfg = Debug|Any CPU
		{FC6A9379-EA83-43BD-A877-641798757739}.Debug|Any CPU.Build.0 = Debug|Any CPU
		{FC6A9379-EA83-43BD-A877-641798757739}.Release|Any CPU.ActiveCfg = Release|Any CPU
		{FC6A9379-EA83-43BD-A877-641798757739}.Release|Any CPU.Build.0 = Release|Any CPU
		{EAF76010-AE93-4E94-B97A-8917FD97E12D}.Debug|Any CPU.ActiveCfg = Debug|Any CPU
		{EAF76010-AE93-4E94-B97A-8917FD97E12D}.Debug|Any CPU.Build.0 = Debug|Any CPU
		{EAF76010-AE93-4E94-B97A-8917FD97E12D}.Release|Any CPU.ActiveCfg = Release|Any CPU
		{EAF76010-AE93-4E94-B97A-8917FD97E12D}.Release|Any CPU.Build.0 = Release|Any CPU
	EndGlobalSection
	GlobalSection(SolutionProperties) = preSolution
		HideSolutionNode = FALSE
	EndGlobalSection
	GlobalSection(NestedProjects) = preSolution
		{DBB4A8A5-9258-4247-B39A-C5AE3AE930F1} = {1D9FA53B-6745-4422-B059-E5B4E1BDA6A8}
		{EC66B985-4DCB-4DCD-AD0F-02267BE18AB7} = {D2AC129C-993A-4DDD-B9E2-E167FFD2E39A}
		{1F8342AE-26DE-4406-8EDE-8FB900627DE3} = {D2AC129C-993A-4DDD-B9E2-E167FFD2E39A}
		{7BBCA770-0102-414B-B879-B7947757AF72} = {7E8DBED2-7CBC-4D7A-A85D-896CBB8DCD7D}
		{CE188C17-E985-40EE-89FD-876557AA4A30} = {8A0C09BC-F7B1-45E4-B007-8C29FC2E0E6E}
		{8684F420-339F-4EBA-A88D-AAB513C99340} = {7E8DBED2-7CBC-4D7A-A85D-896CBB8DCD7D}
		{B02E87B0-297B-40D5-A7A1-99B4C196B0B1} = {7E8DBED2-7CBC-4D7A-A85D-896CBB8DCD7D}
		{03F1697A-959E-49B5-B0BB-6AA247408135} = {8A0C09BC-F7B1-45E4-B007-8C29FC2E0E6E}
		{44989BA1-6072-4A33-A47A-EA426717212C} = {FEC06853-3B8E-42EF-8F7B-E0DDD4EA6CF7}
		{1BD191AB-94B9-4EF0-9410-75B13F15AA3F} = {FEC06853-3B8E-42EF-8F7B-E0DDD4EA6CF7}
		{4BF80DBF-3931-499D-B88B-54EBE12BBAFC} = {FEC06853-3B8E-42EF-8F7B-E0DDD4EA6CF7}
		{D33844FD-D2E9-475A-971A-B0D6C3F7FECC} = {7E8DBED2-7CBC-4D7A-A85D-896CBB8DCD7D}
		{7F5EF8C4-377B-45BE-B48A-07C38980739C} = {7E8DBED2-7CBC-4D7A-A85D-896CBB8DCD7D}
		{B99A6421-6685-49B9-BB72-D40F894395AF} = {FEC06853-3B8E-42EF-8F7B-E0DDD4EA6CF7}
		{A8A79796-AC1D-471C-846B-0C61BB27ACA8} = {8A0C09BC-F7B1-45E4-B007-8C29FC2E0E6E}
		{B1C97261-B98F-41D7-BDFB-34590F9EF0D4} = {FEC06853-3B8E-42EF-8F7B-E0DDD4EA6CF7}
		{07DEDAEC-659B-4835-8BE7-198104592F09} = {7E8DBED2-7CBC-4D7A-A85D-896CBB8DCD7D}
		{229C0ED6-14A7-4846-AF5E-176E7B5F097E} = {7E8DBED2-7CBC-4D7A-A85D-896CBB8DCD7D}
		{7324075D-A7A7-4DB8-A4B6-10A0D91D6DDA} = {FEC06853-3B8E-42EF-8F7B-E0DDD4EA6CF7}
		{30A5D124-9396-4BE6-AEBE-3154286D64F4} = {8A0C09BC-F7B1-45E4-B007-8C29FC2E0E6E}
		{83450B38-DCBE-4F50-846B-C034271F5874} = {8A0C09BC-F7B1-45E4-B007-8C29FC2E0E6E}
		{FC6A9379-EA83-43BD-A877-641798757739} = {FEC06853-3B8E-42EF-8F7B-E0DDD4EA6CF7}
		{EAF76010-AE93-4E94-B97A-8917FD97E12D} = {8A0C09BC-F7B1-45E4-B007-8C29FC2E0E6E}
	EndGlobalSection
	GlobalSection(ExtensibilityGlobals) = postSolution
		SolutionGuid = {8EA51A2E-83DC-440D-A603-EB540CB089F1}
	EndGlobalSection
EndGlobal
